// !$*UTF8*$!
{
	archiveVersion = 1;
	classes = {
	};
	objectVersion = 46;
	objects = {

/* Begin PBXBuildFile section */
		650871E6153F2CDD0023AD8F /* Left.png in Resources */ = {isa = PBXBuildFile; fileRef = 650871E5153F2CDD0023AD8F /* Left.png */; };
		650871E8153F2DF30023AD8F /* Right.png in Resources */ = {isa = PBXBuildFile; fileRef = 650871E7153F2DF30023AD8F /* Right.png */; };
		650C373A156EA45200CF5228 /* GTMBase64.m in Sources */ = {isa = PBXBuildFile; fileRef = 650C3704156EA45200CF5228 /* GTMBase64.m */; };
		650C373B156EA45200CF5228 /* Localizable.strings in Resources */ = {isa = PBXBuildFile; fileRef = 650C3706156EA45200CF5228 /* Localizable.strings */; };
		650C373C156EA45200CF5228 /* bg.png in Resources */ = {isa = PBXBuildFile; fileRef = 650C370A156EA45200CF5228 /* bg.png */; };
		650C373D156EA45200CF5228 /* bg@2x.png in Resources */ = {isa = PBXBuildFile; fileRef = 650C370B156EA45200CF5228 /* bg@2x.png */; };
		650C373E156EA45200CF5228 /* bg_land.png in Resources */ = {isa = PBXBuildFile; fileRef = 650C370C156EA45200CF5228 /* bg_land.png */; };
		650C373F156EA45200CF5228 /* bg_land@2x.png in Resources */ = {isa = PBXBuildFile; fileRef = 650C370D156EA45200CF5228 /* bg_land@2x.png */; };
		650C3740156EA45200CF5228 /* btn.png in Resources */ = {isa = PBXBuildFile; fileRef = 650C370E156EA45200CF5228 /* btn.png */; };
		650C3741156EA45200CF5228 /* btn@2x.png in Resources */ = {isa = PBXBuildFile; fileRef = 650C370F156EA45200CF5228 /* btn@2x.png */; };
		650C3742156EA45200CF5228 /* close.png in Resources */ = {isa = PBXBuildFile; fileRef = 650C3710156EA45200CF5228 /* close.png */; };
		650C3743156EA45200CF5228 /* close@2x.png in Resources */ = {isa = PBXBuildFile; fileRef = 650C3711156EA45200CF5228 /* close@2x.png */; };
		650C3744156EA45200CF5228 /* close_btn.png in Resources */ = {isa = PBXBuildFile; fileRef = 650C3712156EA45200CF5228 /* close_btn.png */; };
		650C3745156EA45200CF5228 /* close_btn@2x.png in Resources */ = {isa = PBXBuildFile; fileRef = 650C3713156EA45200CF5228 /* close_btn@2x.png */; };
		650C3746156EA45200CF5228 /* delete.png in Resources */ = {isa = PBXBuildFile; fileRef = 650C3714156EA45200CF5228 /* delete.png */; };
		650C3747156EA45200CF5228 /* delete@2x.png in Resources */ = {isa = PBXBuildFile; fileRef = 650C3715156EA45200CF5228 /* delete@2x.png */; };
		650C3748156EA45200CF5228 /* logo.png in Resources */ = {isa = PBXBuildFile; fileRef = 650C3716156EA45200CF5228 /* logo.png */; };
		650C3749156EA45200CF5228 /* logo@2x.png in Resources */ = {isa = PBXBuildFile; fileRef = 650C3717156EA45200CF5228 /* logo@2x.png */; };
		650C374A156EA45200CF5228 /* NSObject+SBJSON.m in Sources */ = {isa = PBXBuildFile; fileRef = 650C371B156EA45200CF5228 /* NSObject+SBJSON.m */; };
		650C374B156EA45200CF5228 /* NSString+SBJSON.m in Sources */ = {isa = PBXBuildFile; fileRef = 650C371D156EA45200CF5228 /* NSString+SBJSON.m */; };
		650C374C156EA45200CF5228 /* SBJSON.m in Sources */ = {isa = PBXBuildFile; fileRef = 650C371F156EA45200CF5228 /* SBJSON.m */; };
		650C374D156EA45200CF5228 /* SBJsonBase.m in Sources */ = {isa = PBXBuildFile; fileRef = 650C3721156EA45200CF5228 /* SBJsonBase.m */; };
		650C374E156EA45200CF5228 /* SBJsonParser.m in Sources */ = {isa = PBXBuildFile; fileRef = 650C3723156EA45200CF5228 /* SBJsonParser.m */; };
		650C374F156EA45200CF5228 /* SBJsonWriter.m in Sources */ = {isa = PBXBuildFile; fileRef = 650C3725156EA45200CF5228 /* SBJsonWriter.m */; };
		650C3750156EA45200CF5228 /* SFHFKeychainUtils.m in Sources */ = {isa = PBXBuildFile; fileRef = 650C3728156EA45200CF5228 /* SFHFKeychainUtils.m */; };
		650C3751156EA45200CF5228 /* WBAuthorize.m in Sources */ = {isa = PBXBuildFile; fileRef = 650C372A156EA45200CF5228 /* WBAuthorize.m */; };
		650C3752156EA45200CF5228 /* WBAuthorizeWebView.m in Sources */ = {isa = PBXBuildFile; fileRef = 650C372C156EA45200CF5228 /* WBAuthorizeWebView.m */; };
		650C3753156EA45200CF5228 /* WBEngine.m in Sources */ = {isa = PBXBuildFile; fileRef = 650C372E156EA45200CF5228 /* WBEngine.m */; };
		650C3754156EA45200CF5228 /* WBLogInAlertView.m in Sources */ = {isa = PBXBuildFile; fileRef = 650C3730156EA45200CF5228 /* WBLogInAlertView.m */; };
		650C3755156EA45200CF5228 /* WBRequest.m in Sources */ = {isa = PBXBuildFile; fileRef = 650C3732156EA45200CF5228 /* WBRequest.m */; };
		650C3756156EA45200CF5228 /* WBSendView.m in Sources */ = {isa = PBXBuildFile; fileRef = 650C3735156EA45200CF5228 /* WBSendView.m */; };
		650C3757156EA45200CF5228 /* WBUtil.m in Sources */ = {isa = PBXBuildFile; fileRef = 650C3737156EA45200CF5228 /* WBUtil.m */; };
		650C375E156EA46B00CF5228 /* LaoluoPoster.png in Resources */ = {isa = PBXBuildFile; fileRef = 650C3758156EA46B00CF5228 /* LaoluoPoster.png */; };
		650C375F156EA46B00CF5228 /* Settings.png in Resources */ = {isa = PBXBuildFile; fileRef = 650C3759156EA46B00CF5228 /* Settings.png */; };
		650C3760156EA46B00CF5228 /* DDSendSinaWeiboViewController.m in Sources */ = {isa = PBXBuildFile; fileRef = 650C375A156EA46B00CF5228 /* DDSendSinaWeiboViewController.m */; };
		650C3762156EA46B00CF5228 /* DDSendSinaWeiboViewController.xib in Resources */ = {isa = PBXBuildFile; fileRef = 650C375C156EA46B00CF5228 /* DDSendSinaWeiboViewController.xib */; };
		650C3765156EA97500CF5228 /* Security.framework in Frameworks */ = {isa = PBXBuildFile; fileRef = 650C3763156EA96A00CF5228 /* Security.framework */; };
		650C3781156F29D700CF5228 /* DDUtil.m in Sources */ = {isa = PBXBuildFile; fileRef = 650C3780156F29D700CF5228 /* DDUtil.m */; };
		654EC5131527D7E000D76E39 /* DDViewController.xib in Resources */ = {isa = PBXBuildFile; fileRef = 654EC5111527D7E000D76E39 /* DDViewController.xib */; };
		654EC5141527D7E000D76E39 /* InfoPlist.strings in Resources */ = {isa = PBXBuildFile; fileRef = 654EC5121527D7E000D76E39 /* InfoPlist.strings */; };
		6580265B1523948700C9BE70 /* MobileCoreServices.framework in Frameworks */ = {isa = PBXBuildFile; fileRef = 658026591523947C00C9BE70 /* MobileCoreServices.framework */; };
		6580266C1524D0F800C9BE70 /* DDAboutViewController.m in Sources */ = {isa = PBXBuildFile; fileRef = 6580266A1524D0F800C9BE70 /* DDAboutViewController.m */; };
		6580266D1524D0F800C9BE70 /* DDAboutViewController.xib in Resources */ = {isa = PBXBuildFile; fileRef = 6580266B1524D0F800C9BE70 /* DDAboutViewController.xib */; };
		65E40E33157482FA00E17BAA /* grayscale.js in Resources */ = {isa = PBXBuildFile; fileRef = 650C375B156EA46B00CF5228 /* grayscale.js */; };
		65E819561523875800262A2E /* UIKit.framework in Frameworks */ = {isa = PBXBuildFile; fileRef = 65E819551523875800262A2E /* UIKit.framework */; };
		65E819581523875800262A2E /* Foundation.framework in Frameworks */ = {isa = PBXBuildFile; fileRef = 65E819571523875800262A2E /* Foundation.framework */; };
		65E8195A1523875800262A2E /* CoreGraphics.framework in Frameworks */ = {isa = PBXBuildFile; fileRef = 65E819591523875800262A2E /* CoreGraphics.framework */; };
		65E819621523875800262A2E /* main.m in Sources */ = {isa = PBXBuildFile; fileRef = 65E819611523875800262A2E /* main.m */; };
		65E819661523875800262A2E /* DDAppDelegate.m in Sources */ = {isa = PBXBuildFile; fileRef = 65E819651523875800262A2E /* DDAppDelegate.m */; };
		65E819691523875800262A2E /* DDViewController.m in Sources */ = {isa = PBXBuildFile; fileRef = 65E819681523875800262A2E /* DDViewController.m */; };
		65E8197C152387D700262A2E /* Default.png in Resources */ = {isa = PBXBuildFile; fileRef = 65E81972152387D700262A2E /* Default.png */; };
		65E8197D152387D700262A2E /* Default@2x.png in Resources */ = {isa = PBXBuildFile; fileRef = 65E81973152387D700262A2E /* Default@2x.png */; };
		65E81980152387D700262A2E /* Icon.png in Resources */ = {isa = PBXBuildFile; fileRef = 65E81976152387D700262A2E /* Icon.png */; };
		65E81981152387D700262A2E /* Icon@2x.png in Resources */ = {isa = PBXBuildFile; fileRef = 65E81977152387D700262A2E /* Icon@2x.png */; };
		65E81983152387D700262A2E /* Mask.png in Resources */ = {isa = PBXBuildFile; fileRef = 65E81979152387D700262A2E /* Mask.png */; };
		65E81985152387D700262A2E /* iTunesArtwork in Resources */ = {isa = PBXBuildFile; fileRef = 65E8197B152387D700262A2E /* iTunesArtwork */; };
/* End PBXBuildFile section */

/* Begin PBXFileReference section */
		650871E5153F2CDD0023AD8F /* Left.png */ = {isa = PBXFileReference; lastKnownFileType = image.png; path = Left.png; sourceTree = "<group>"; };
		650871E7153F2DF30023AD8F /* Right.png */ = {isa = PBXFileReference; lastKnownFileType = image.png; path = Right.png; sourceTree = "<group>"; };
		650C3703156EA45200CF5228 /* GTMBase64.h */ = {isa = PBXFileReference; fileEncoding = 4; lastKnownFileType = sourcecode.c.h; path = GTMBase64.h; sourceTree = "<group>"; };
		650C3704156EA45200CF5228 /* GTMBase64.m */ = {isa = PBXFileReference; fileEncoding = 4; lastKnownFileType = sourcecode.c.objc; path = GTMBase64.m; sourceTree = "<group>"; };
		650C3705156EA45200CF5228 /* GTMDefines.h */ = {isa = PBXFileReference; fileEncoding = 4; lastKnownFileType = sourcecode.c.h; path = GTMDefines.h; sourceTree = "<group>"; };
		650C3707156EA45200CF5228 /* en */ = {isa = PBXFileReference; lastKnownFileType = text.plist.strings; name = en; path = en.lproj/Localizable.strings; sourceTree = "<group>"; };
		650C370A156EA45200CF5228 /* bg.png */ = {isa = PBXFileReference; lastKnownFileType = image.png; path = bg.png; sourceTree = "<group>"; };
		650C370B156EA45200CF5228 /* bg@2x.png */ = {isa = PBXFileReference; lastKnownFileType = image.png; path = "bg@2x.png"; sourceTree = "<group>"; };
		650C370C156EA45200CF5228 /* bg_land.png */ = {isa = PBXFileReference; lastKnownFileType = image.png; path = bg_land.png; sourceTree = "<group>"; };
		650C370D156EA45200CF5228 /* bg_land@2x.png */ = {isa = PBXFileReference; lastKnownFileType = image.png; path = "bg_land@2x.png"; sourceTree = "<group>"; };
		650C370E156EA45200CF5228 /* btn.png */ = {isa = PBXFileReference; lastKnownFileType = image.png; path = btn.png; sourceTree = "<group>"; };
		650C370F156EA45200CF5228 /* btn@2x.png */ = {isa = PBXFileReference; lastKnownFileType = image.png; path = "btn@2x.png"; sourceTree = "<group>"; };
		650C3710156EA45200CF5228 /* close.png */ = {isa = PBXFileReference; lastKnownFileType = image.png; path = close.png; sourceTree = "<group>"; };
		650C3711156EA45200CF5228 /* close@2x.png */ = {isa = PBXFileReference; lastKnownFileType = image.png; path = "close@2x.png"; sourceTree = "<group>"; };
		650C3712156EA45200CF5228 /* close_btn.png */ = {isa = PBXFileReference; lastKnownFileType = image.png; path = close_btn.png; sourceTree = "<group>"; };
		650C3713156EA45200CF5228 /* close_btn@2x.png */ = {isa = PBXFileReference; lastKnownFileType = image.png; path = "close_btn@2x.png"; sourceTree = "<group>"; };
		650C3714156EA45200CF5228 /* delete.png */ = {isa = PBXFileReference; lastKnownFileType = image.png; path = delete.png; sourceTree = "<group>"; };
		650C3715156EA45200CF5228 /* delete@2x.png */ = {isa = PBXFileReference; lastKnownFileType = image.png; path = "delete@2x.png"; sourceTree = "<group>"; };
		650C3716156EA45200CF5228 /* logo.png */ = {isa = PBXFileReference; lastKnownFileType = image.png; path = logo.png; sourceTree = "<group>"; };
		650C3717156EA45200CF5228 /* logo@2x.png */ = {isa = PBXFileReference; lastKnownFileType = image.png; path = "logo@2x.png"; sourceTree = "<group>"; };
		650C3719156EA45200CF5228 /* JSON.h */ = {isa = PBXFileReference; fileEncoding = 4; lastKnownFileType = sourcecode.c.h; path = JSON.h; sourceTree = "<group>"; };
		650C371A156EA45200CF5228 /* NSObject+SBJSON.h */ = {isa = PBXFileReference; fileEncoding = 4; lastKnownFileType = sourcecode.c.h; path = "NSObject+SBJSON.h"; sourceTree = "<group>"; };
		650C371B156EA45200CF5228 /* NSObject+SBJSON.m */ = {isa = PBXFileReference; fileEncoding = 4; lastKnownFileType = sourcecode.c.objc; path = "NSObject+SBJSON.m"; sourceTree = "<group>"; };
		650C371C156EA45200CF5228 /* NSString+SBJSON.h */ = {isa = PBXFileReference; fileEncoding = 4; lastKnownFileType = sourcecode.c.h; path = "NSString+SBJSON.h"; sourceTree = "<group>"; };
		650C371D156EA45200CF5228 /* NSString+SBJSON.m */ = {isa = PBXFileReference; fileEncoding = 4; lastKnownFileType = sourcecode.c.objc; path = "NSString+SBJSON.m"; sourceTree = "<group>"; };
		650C371E156EA45200CF5228 /* SBJSON.h */ = {isa = PBXFileReference; fileEncoding = 4; lastKnownFileType = sourcecode.c.h; path = SBJSON.h; sourceTree = "<group>"; };
		650C371F156EA45200CF5228 /* SBJSON.m */ = {isa = PBXFileReference; fileEncoding = 4; lastKnownFileType = sourcecode.c.objc; path = SBJSON.m; sourceTree = "<group>"; };
		650C3720156EA45200CF5228 /* SBJsonBase.h */ = {isa = PBXFileReference; fileEncoding = 4; lastKnownFileType = sourcecode.c.h; path = SBJsonBase.h; sourceTree = "<group>"; };
		650C3721156EA45200CF5228 /* SBJsonBase.m */ = {isa = PBXFileReference; fileEncoding = 4; lastKnownFileType = sourcecode.c.objc; path = SBJsonBase.m; sourceTree = "<group>"; };
		650C3722156EA45200CF5228 /* SBJsonParser.h */ = {isa = PBXFileReference; fileEncoding = 4; lastKnownFileType = sourcecode.c.h; path = SBJsonParser.h; sourceTree = "<group>"; };
		650C3723156EA45200CF5228 /* SBJsonParser.m */ = {isa = PBXFileReference; fileEncoding = 4; lastKnownFileType = sourcecode.c.objc; path = SBJsonParser.m; sourceTree = "<group>"; };
		650C3724156EA45200CF5228 /* SBJsonWriter.h */ = {isa = PBXFileReference; fileEncoding = 4; lastKnownFileType = sourcecode.c.h; path = SBJsonWriter.h; sourceTree = "<group>"; };
		650C3725156EA45200CF5228 /* SBJsonWriter.m */ = {isa = PBXFileReference; fileEncoding = 4; lastKnownFileType = sourcecode.c.objc; path = SBJsonWriter.m; sourceTree = "<group>"; };
		650C3727156EA45200CF5228 /* SFHFKeychainUtils.h */ = {isa = PBXFileReference; fileEncoding = 4; lastKnownFileType = sourcecode.c.h; path = SFHFKeychainUtils.h; sourceTree = "<group>"; };
		650C3728156EA45200CF5228 /* SFHFKeychainUtils.m */ = {isa = PBXFileReference; fileEncoding = 4; lastKnownFileType = sourcecode.c.objc; path = SFHFKeychainUtils.m; sourceTree = "<group>"; };
		650C3729156EA45200CF5228 /* WBAuthorize.h */ = {isa = PBXFileReference; fileEncoding = 4; lastKnownFileType = sourcecode.c.h; path = WBAuthorize.h; sourceTree = "<group>"; };
		650C372A156EA45200CF5228 /* WBAuthorize.m */ = {isa = PBXFileReference; fileEncoding = 4; lastKnownFileType = sourcecode.c.objc; path = WBAuthorize.m; sourceTree = "<group>"; };
		650C372B156EA45200CF5228 /* WBAuthorizeWebView.h */ = {isa = PBXFileReference; fileEncoding = 4; lastKnownFileType = sourcecode.c.h; path = WBAuthorizeWebView.h; sourceTree = "<group>"; };
		650C372C156EA45200CF5228 /* WBAuthorizeWebView.m */ = {isa = PBXFileReference; fileEncoding = 4; lastKnownFileType = sourcecode.c.objc; path = WBAuthorizeWebView.m; sourceTree = "<group>"; };
		650C372D156EA45200CF5228 /* WBEngine.h */ = {isa = PBXFileReference; fileEncoding = 4; lastKnownFileType = sourcecode.c.h; path = WBEngine.h; sourceTree = "<group>"; };
		650C372E156EA45200CF5228 /* WBEngine.m */ = {isa = PBXFileReference; fileEncoding = 4; lastKnownFileType = sourcecode.c.objc; path = WBEngine.m; sourceTree = "<group>"; };
		650C372F156EA45200CF5228 /* WBLogInAlertView.h */ = {isa = PBXFileReference; fileEncoding = 4; lastKnownFileType = sourcecode.c.h; path = WBLogInAlertView.h; sourceTree = "<group>"; };
		650C3730156EA45200CF5228 /* WBLogInAlertView.m */ = {isa = PBXFileReference; fileEncoding = 4; lastKnownFileType = sourcecode.c.objc; path = WBLogInAlertView.m; sourceTree = "<group>"; };
		650C3731156EA45200CF5228 /* WBRequest.h */ = {isa = PBXFileReference; fileEncoding = 4; lastKnownFileType = sourcecode.c.h; path = WBRequest.h; sourceTree = "<group>"; };
		650C3732156EA45200CF5228 /* WBRequest.m */ = {isa = PBXFileReference; fileEncoding = 4; lastKnownFileType = sourcecode.c.objc; path = WBRequest.m; sourceTree = "<group>"; };
		650C3733156EA45200CF5228 /* WBSDKGlobal.h */ = {isa = PBXFileReference; fileEncoding = 4; lastKnownFileType = sourcecode.c.h; path = WBSDKGlobal.h; sourceTree = "<group>"; };
		650C3734156EA45200CF5228 /* WBSendView.h */ = {isa = PBXFileReference; fileEncoding = 4; lastKnownFileType = sourcecode.c.h; path = WBSendView.h; sourceTree = "<group>"; };
		650C3735156EA45200CF5228 /* WBSendView.m */ = {isa = PBXFileReference; fileEncoding = 4; lastKnownFileType = sourcecode.c.objc; path = WBSendView.m; sourceTree = "<group>"; };
		650C3736156EA45200CF5228 /* WBUtil.h */ = {isa = PBXFileReference; fileEncoding = 4; lastKnownFileType = sourcecode.c.h; path = WBUtil.h; sourceTree = "<group>"; };
		650C3737156EA45200CF5228 /* WBUtil.m */ = {isa = PBXFileReference; fileEncoding = 4; lastKnownFileType = sourcecode.c.objc; path = WBUtil.m; sourceTree = "<group>"; };
		650C3738156EA45200CF5228 /* zh-Hans */ = {isa = PBXFileReference; lastKnownFileType = text.plist.strings; name = "zh-Hans"; path = "zh-Hans.lproj/Localizable.strings"; sourceTree = "<group>"; };
		650C3739156EA45200CF5228 /* zh-Hant */ = {isa = PBXFileReference; lastKnownFileType = text.plist.strings; name = "zh-Hant"; path = "zh-Hant.lproj/Localizable.strings"; sourceTree = "<group>"; };
		650C3758156EA46B00CF5228 /* LaoluoPoster.png */ = {isa = PBXFileReference; lastKnownFileType = image.png; path = LaoluoPoster.png; sourceTree = "<group>"; };
		650C3759156EA46B00CF5228 /* Settings.png */ = {isa = PBXFileReference; lastKnownFileType = image.png; path = Settings.png; sourceTree = "<group>"; };
		650C375A156EA46B00CF5228 /* DDSendSinaWeiboViewController.m */ = {isa = PBXFileReference; fileEncoding = 4; lastKnownFileType = sourcecode.c.objc; path = DDSendSinaWeiboViewController.m; sourceTree = "<group>"; };
		650C375B156EA46B00CF5228 /* grayscale.js */ = {isa = PBXFileReference; fileEncoding = 4; lastKnownFileType = sourcecode.javascript; path = grayscale.js; sourceTree = "<group>"; };
		650C375C156EA46B00CF5228 /* DDSendSinaWeiboViewController.xib */ = {isa = PBXFileReference; fileEncoding = 4; lastKnownFileType = file.xib; path = DDSendSinaWeiboViewController.xib; sourceTree = "<group>"; };
		650C375D156EA46B00CF5228 /* DDSendSinaWeiboViewController.h */ = {isa = PBXFileReference; fileEncoding = 4; lastKnownFileType = sourcecode.c.h; path = DDSendSinaWeiboViewController.h; sourceTree = "<group>"; };
		650C3763156EA96A00CF5228 /* Security.framework */ = {isa = PBXFileReference; lastKnownFileType = wrapper.framework; name = Security.framework; path = System/Library/Frameworks/Security.framework; sourceTree = SDKROOT; };
		650C377F156F296400CF5228 /* DDUtil.h */ = {isa = PBXFileReference; lastKnownFileType = sourcecode.c.h; path = DDUtil.h; sourceTree = "<group>"; };
		650C3780156F29D700CF5228 /* DDUtil.m */ = {isa = PBXFileReference; fileEncoding = 4; lastKnownFileType = sourcecode.c.objc; path = DDUtil.m; sourceTree = "<group>"; };
		654EC5111527D7E000D76E39 /* DDViewController.xib */ = {isa = PBXFileReference; fileEncoding = 4; lastKnownFileType = file.xib; path = DDViewController.xib; sourceTree = "<group>"; };
		654EC5121527D7E000D76E39 /* InfoPlist.strings */ = {isa = PBXFileReference; fileEncoding = 4; lastKnownFileType = text.plist.strings; path = InfoPlist.strings; sourceTree = "<group>"; };
		658026591523947C00C9BE70 /* MobileCoreServices.framework */ = {isa = PBXFileReference; lastKnownFileType = wrapper.framework; name = MobileCoreServices.framework; path = System/Library/Frameworks/MobileCoreServices.framework; sourceTree = SDKROOT; };
		658026691524D0F800C9BE70 /* DDAboutViewController.h */ = {isa = PBXFileReference; fileEncoding = 4; lastKnownFileType = sourcecode.c.h; path = DDAboutViewController.h; sourceTree = "<group>"; };
		6580266A1524D0F800C9BE70 /* DDAboutViewController.m */ = {isa = PBXFileReference; fileEncoding = 4; lastKnownFileType = sourcecode.c.objc; path = DDAboutViewController.m; sourceTree = "<group>"; };
		6580266B1524D0F800C9BE70 /* DDAboutViewController.xib */ = {isa = PBXFileReference; fileEncoding = 4; lastKnownFileType = file.xib; path = DDAboutViewController.xib; sourceTree = "<group>"; };
		65E819511523875800262A2E /* Dandan.app */ = {isa = PBXFileReference; explicitFileType = wrapper.application; includeInIndex = 0; path = Dandan.app; sourceTree = BUILT_PRODUCTS_DIR; };
		65E819551523875800262A2E /* UIKit.framework */ = {isa = PBXFileReference; lastKnownFileType = wrapper.framework; name = UIKit.framework; path = System/Library/Frameworks/UIKit.framework; sourceTree = SDKROOT; };
		65E819571523875800262A2E /* Foundation.framework */ = {isa = PBXFileReference; lastKnownFileType = wrapper.framework; name = Foundation.framework; path = System/Library/Frameworks/Foundation.framework; sourceTree = SDKROOT; };
		65E819591523875800262A2E /* CoreGraphics.framework */ = {isa = PBXFileReference; lastKnownFileType = wrapper.framework; name = CoreGraphics.framework; path = System/Library/Frameworks/CoreGraphics.framework; sourceTree = SDKROOT; };
		65E8195D1523875800262A2E /* Dandan-Info.plist */ = {isa = PBXFileReference; lastKnownFileType = text.plist.xml; path = "Dandan-Info.plist"; sourceTree = "<group>"; };
		65E819611523875800262A2E /* main.m */ = {isa = PBXFileReference; lastKnownFileType = sourcecode.c.objc; path = main.m; sourceTree = "<group>"; };
		65E819631523875800262A2E /* Dandan-Prefix.pch */ = {isa = PBXFileReference; lastKnownFileType = sourcecode.c.h; path = "Dandan-Prefix.pch"; sourceTree = "<group>"; };
		65E819641523875800262A2E /* DDAppDelegate.h */ = {isa = PBXFileReference; lastKnownFileType = sourcecode.c.h; path = DDAppDelegate.h; sourceTree = "<group>"; };
		65E819651523875800262A2E /* DDAppDelegate.m */ = {isa = PBXFileReference; lastKnownFileType = sourcecode.c.objc; path = DDAppDelegate.m; sourceTree = "<group>"; };
		65E819671523875800262A2E /* DDViewController.h */ = {isa = PBXFileReference; lastKnownFileType = sourcecode.c.h; path = DDViewController.h; sourceTree = "<group>"; };
		65E819681523875800262A2E /* DDViewController.m */ = {isa = PBXFileReference; lastKnownFileType = sourcecode.c.objc; path = DDViewController.m; sourceTree = "<group>"; };
		65E81972152387D700262A2E /* Default.png */ = {isa = PBXFileReference; lastKnownFileType = image.png; path = Default.png; sourceTree = "<group>"; };
		65E81973152387D700262A2E /* Default@2x.png */ = {isa = PBXFileReference; lastKnownFileType = image.png; path = "Default@2x.png"; sourceTree = "<group>"; };
		65E81976152387D700262A2E /* Icon.png */ = {isa = PBXFileReference; lastKnownFileType = image.png; path = Icon.png; sourceTree = "<group>"; };
		65E81977152387D700262A2E /* Icon@2x.png */ = {isa = PBXFileReference; lastKnownFileType = image.png; path = "Icon@2x.png"; sourceTree = "<group>"; };
		65E81979152387D700262A2E /* Mask.png */ = {isa = PBXFileReference; lastKnownFileType = image.png; path = Mask.png; sourceTree = "<group>"; };
		65E8197B152387D700262A2E /* iTunesArtwork */ = {isa = PBXFileReference; lastKnownFileType = file; path = iTunesArtwork; sourceTree = "<group>"; };
/* End PBXFileReference section */

/* Begin PBXFrameworksBuildPhase section */
		65E8194E1523875800262A2E /* Frameworks */ = {
			isa = PBXFrameworksBuildPhase;
			buildActionMask = 2147483647;
			files = (
				650C3765156EA97500CF5228 /* Security.framework in Frameworks */,
				6580265B1523948700C9BE70 /* MobileCoreServices.framework in Frameworks */,
				65E819561523875800262A2E /* UIKit.framework in Frameworks */,
				65E819581523875800262A2E /* Foundation.framework in Frameworks */,
				65E8195A1523875800262A2E /* CoreGraphics.framework in Frameworks */,
			);
			runOnlyForDeploymentPostprocessing = 0;
		};
/* End PBXFrameworksBuildPhase section */

/* Begin PBXGroup section */
		650C3701156EA45200CF5228 /* SinaWeiBoSDK */ = {
			isa = PBXGroup;
			children = (
				650C3702156EA45200CF5228 /* CTMBase64 */,
				650C3706156EA45200CF5228 /* Localizable.strings */,
				650C3708156EA45200CF5228 /* Resource */,
				650C3718156EA45200CF5228 /* SBJSON */,
				650C3726156EA45200CF5228 /* SFHFKeychainUtils */,
				650C3729156EA45200CF5228 /* WBAuthorize.h */,
				650C372A156EA45200CF5228 /* WBAuthorize.m */,
				650C372B156EA45200CF5228 /* WBAuthorizeWebView.h */,
				650C372C156EA45200CF5228 /* WBAuthorizeWebView.m */,
				650C372D156EA45200CF5228 /* WBEngine.h */,
				650C372E156EA45200CF5228 /* WBEngine.m */,
				650C372F156EA45200CF5228 /* WBLogInAlertView.h */,
				650C3730156EA45200CF5228 /* WBLogInAlertView.m */,
				650C3731156EA45200CF5228 /* WBRequest.h */,
				650C3732156EA45200CF5228 /* WBRequest.m */,
				650C3733156EA45200CF5228 /* WBSDKGlobal.h */,
				650C3734156EA45200CF5228 /* WBSendView.h */,
				650C3735156EA45200CF5228 /* WBSendView.m */,
				650C3736156EA45200CF5228 /* WBUtil.h */,
				650C3737156EA45200CF5228 /* WBUtil.m */,
			);
			name = SinaWeiBoSDK;
			path = Dandan/SinaWeiBoSDK;
			sourceTree = "<group>";
		};
		650C3702156EA45200CF5228 /* CTMBase64 */ = {
			isa = PBXGroup;
			children = (
				650C3703156EA45200CF5228 /* GTMBase64.h */,
				650C3704156EA45200CF5228 /* GTMBase64.m */,
				650C3705156EA45200CF5228 /* GTMDefines.h */,
			);
			path = CTMBase64;
			sourceTree = "<group>";
		};
		650C3708156EA45200CF5228 /* Resource */ = {
			isa = PBXGroup;
			children = (
				650C3709156EA45200CF5228 /* Images */,
			);
			path = Resource;
			sourceTree = "<group>";
		};
		650C3709156EA45200CF5228 /* Images */ = {
			isa = PBXGroup;
			children = (
				650C370A156EA45200CF5228 /* bg.png */,
				650C370B156EA45200CF5228 /* bg@2x.png */,
				650C370C156EA45200CF5228 /* bg_land.png */,
				650C370D156EA45200CF5228 /* bg_land@2x.png */,
				650C370E156EA45200CF5228 /* btn.png */,
				650C370F156EA45200CF5228 /* btn@2x.png */,
				650C3710156EA45200CF5228 /* close.png */,
				650C3711156EA45200CF5228 /* close@2x.png */,
				650C3712156EA45200CF5228 /* close_btn.png */,
				650C3713156EA45200CF5228 /* close_btn@2x.png */,
				650C3714156EA45200CF5228 /* delete.png */,
				650C3715156EA45200CF5228 /* delete@2x.png */,
				650C3716156EA45200CF5228 /* logo.png */,
				650C3717156EA45200CF5228 /* logo@2x.png */,
			);
			path = Images;
			sourceTree = "<group>";
		};
		650C3718156EA45200CF5228 /* SBJSON */ = {
			isa = PBXGroup;
			children = (
				650C3719156EA45200CF5228 /* JSON.h */,
				650C371A156EA45200CF5228 /* NSObject+SBJSON.h */,
				650C371B156EA45200CF5228 /* NSObject+SBJSON.m */,
				650C371C156EA45200CF5228 /* NSString+SBJSON.h */,
				650C371D156EA45200CF5228 /* NSString+SBJSON.m */,
				650C371E156EA45200CF5228 /* SBJSON.h */,
				650C371F156EA45200CF5228 /* SBJSON.m */,
				650C3720156EA45200CF5228 /* SBJsonBase.h */,
				650C3721156EA45200CF5228 /* SBJsonBase.m */,
				650C3722156EA45200CF5228 /* SBJsonParser.h */,
				650C3723156EA45200CF5228 /* SBJsonParser.m */,
				650C3724156EA45200CF5228 /* SBJsonWriter.h */,
				650C3725156EA45200CF5228 /* SBJsonWriter.m */,
			);
			path = SBJSON;
			sourceTree = "<group>";
		};
		650C3726156EA45200CF5228 /* SFHFKeychainUtils */ = {
			isa = PBXGroup;
			children = (
				650C3727156EA45200CF5228 /* SFHFKeychainUtils.h */,
				650C3728156EA45200CF5228 /* SFHFKeychainUtils.m */,
			);
			path = SFHFKeychainUtils;
			sourceTree = "<group>";
		};
		65E819461523875700262A2E = {
			isa = PBXGroup;
			children = (
				650C3701156EA45200CF5228 /* SinaWeiBoSDK */,
				65E8195B1523875800262A2E /* Dandan */,
				65E819541523875800262A2E /* Frameworks */,
				65E819521523875800262A2E /* Products */,
			);
			sourceTree = "<group>";
		};
		65E819521523875800262A2E /* Products */ = {
			isa = PBXGroup;
			children = (
				65E819511523875800262A2E /* Dandan.app */,
			);
			name = Products;
			sourceTree = "<group>";
		};
		65E819541523875800262A2E /* Frameworks */ = {
			isa = PBXGroup;
			children = (
				650C3763156EA96A00CF5228 /* Security.framework */,
				658026591523947C00C9BE70 /* MobileCoreServices.framework */,
				65E819551523875800262A2E /* UIKit.framework */,
				65E819571523875800262A2E /* Foundation.framework */,
				65E819591523875800262A2E /* CoreGraphics.framework */,
			);
			name = Frameworks;
			sourceTree = "<group>";
		};
		65E8195B1523875800262A2E /* Dandan */ = {
			isa = PBXGroup;
			children = (
				658026691524D0F800C9BE70 /* DDAboutViewController.h */,
				6580266A1524D0F800C9BE70 /* DDAboutViewController.m */,
				6580266B1524D0F800C9BE70 /* DDAboutViewController.xib */,
				65E819641523875800262A2E /* DDAppDelegate.h */,
				65E819651523875800262A2E /* DDAppDelegate.m */,
				650C375D156EA46B00CF5228 /* DDSendSinaWeiboViewController.h */,
				650C375A156EA46B00CF5228 /* DDSendSinaWeiboViewController.m */,
				650C375C156EA46B00CF5228 /* DDSendSinaWeiboViewController.xib */,
				650C377F156F296400CF5228 /* DDUtil.h */,
				650C3780156F29D700CF5228 /* DDUtil.m */,
				65E819671523875800262A2E /* DDViewController.h */,
				65E819681523875800262A2E /* DDViewController.m */,
				654EC5111527D7E000D76E39 /* DDViewController.xib */,
				65E8195C1523875800262A2E /* Supporting Files */,
			);
			path = Dandan;
			sourceTree = "<group>";
		};
		65E8195C1523875800262A2E /* Supporting Files */ = {
			isa = PBXGroup;
			children = (
				65E8195D1523875800262A2E /* Dandan-Info.plist */,
				65E819631523875800262A2E /* Dandan-Prefix.pch */,
				65E81972152387D700262A2E /* Default.png */,
				65E81973152387D700262A2E /* Default@2x.png */,
				650C375B156EA46B00CF5228 /* grayscale.js */,
				65E81976152387D700262A2E /* Icon.png */,
				65E81977152387D700262A2E /* Icon@2x.png */,
				654EC5121527D7E000D76E39 /* InfoPlist.strings */,
				65E8197B152387D700262A2E /* iTunesArtwork */,
				650C3758156EA46B00CF5228 /* LaoluoPoster.png */,
				650871E5153F2CDD0023AD8F /* Left.png */,
				65E81979152387D700262A2E /* Mask.png */,
				65E819611523875800262A2E /* main.m */,
				650871E7153F2DF30023AD8F /* Right.png */,
				650C3759156EA46B00CF5228 /* Settings.png */,
			);
			name = "Supporting Files";
			sourceTree = "<group>";
		};
/* End PBXGroup section */

/* Begin PBXNativeTarget section */
		65E819501523875800262A2E /* Dandan */ = {
			isa = PBXNativeTarget;
			buildConfigurationList = 65E8196F1523875800262A2E /* Build configuration list for PBXNativeTarget "Dandan" */;
			buildPhases = (
				65E8194D1523875800262A2E /* Sources */,
				65E8194E1523875800262A2E /* Frameworks */,
				65E8194F1523875800262A2E /* Resources */,
			);
			buildRules = (
			);
			dependencies = (
			);
			name = Dandan;
			productName = Dandan;
			productReference = 65E819511523875800262A2E /* Dandan.app */;
			productType = "com.apple.product-type.application";
		};
/* End PBXNativeTarget section */

/* Begin PBXProject section */
		65E819481523875700262A2E /* Project object */ = {
			isa = PBXProject;
			attributes = {
				LastUpgradeCheck = 0430;
				ORGANIZATIONNAME = Intel;
			};
			buildConfigurationList = 65E8194B1523875700262A2E /* Build configuration list for PBXProject "Dandan" */;
			compatibilityVersion = "Xcode 3.2";
			developmentRegion = English;
			hasScannedForEncodings = 0;
			knownRegions = (
				en,
				"zh-Hans",
				"zh-Hant",
			);
			mainGroup = 65E819461523875700262A2E;
			productRefGroup = 65E819521523875800262A2E /* Products */;
			projectDirPath = "";
			projectRoot = "";
			targets = (
				65E819501523875800262A2E /* Dandan */,
			);
		};
/* End PBXProject section */

/* Begin PBXResourcesBuildPhase section */
		65E8194F1523875800262A2E /* Resources */ = {
			isa = PBXResourcesBuildPhase;
			buildActionMask = 2147483647;
			files = (
				65E8197C152387D700262A2E /* Default.png in Resources */,
				65E8197D152387D700262A2E /* Default@2x.png in Resources */,
				65E40E33157482FA00E17BAA /* grayscale.js in Resources */,
				65E81980152387D700262A2E /* Icon.png in Resources */,
				65E81981152387D700262A2E /* Icon@2x.png in Resources */,
				65E81983152387D700262A2E /* Mask.png in Resources */,
				65E81985152387D700262A2E /* iTunesArtwork in Resources */,
				6580266D1524D0F800C9BE70 /* DDAboutViewController.xib in Resources */,
				654EC5131527D7E000D76E39 /* DDViewController.xib in Resources */,
				654EC5141527D7E000D76E39 /* InfoPlist.strings in Resources */,
				650871E6153F2CDD0023AD8F /* Left.png in Resources */,
				650871E8153F2DF30023AD8F /* Right.png in Resources */,
				650C373B156EA45200CF5228 /* Localizable.strings in Resources */,
				650C373C156EA45200CF5228 /* bg.png in Resources */,
				650C373D156EA45200CF5228 /* bg@2x.png in Resources */,
				650C373E156EA45200CF5228 /* bg_land.png in Resources */,
				650C373F156EA45200CF5228 /* bg_land@2x.png in Resources */,
				650C3740156EA45200CF5228 /* btn.png in Resources */,
				650C3741156EA45200CF5228 /* btn@2x.png in Resources */,
				650C3742156EA45200CF5228 /* close.png in Resources */,
				650C3743156EA45200CF5228 /* close@2x.png in Resources */,
				650C3744156EA45200CF5228 /* close_btn.png in Resources */,
				650C3745156EA45200CF5228 /* close_btn@2x.png in Resources */,
				650C3746156EA45200CF5228 /* delete.png in Resources */,
				650C3747156EA45200CF5228 /* delete@2x.png in Resources */,
				650C3748156EA45200CF5228 /* logo.png in Resources */,
				650C3749156EA45200CF5228 /* logo@2x.png in Resources */,
				650C375E156EA46B00CF5228 /* LaoluoPoster.png in Resources */,
				650C375F156EA46B00CF5228 /* Settings.png in Resources */,
				650C3762156EA46B00CF5228 /* DDSendSinaWeiboViewController.xib in Resources */,
			);
			runOnlyForDeploymentPostprocessing = 0;
		};
/* End PBXResourcesBuildPhase section */

/* Begin PBXSourcesBuildPhase section */
		65E8194D1523875800262A2E /* Sources */ = {
			isa = PBXSourcesBuildPhase;
			buildActionMask = 2147483647;
			files = (
				65E819621523875800262A2E /* main.m in Sources */,
				65E819661523875800262A2E /* DDAppDelegate.m in Sources */,
				65E819691523875800262A2E /* DDViewController.m in Sources */,
				6580266C1524D0F800C9BE70 /* DDAboutViewController.m in Sources */,
				650C373A156EA45200CF5228 /* GTMBase64.m in Sources */,
				650C374A156EA45200CF5228 /* NSObject+SBJSON.m in Sources */,
				650C374B156EA45200CF5228 /* NSString+SBJSON.m in Sources */,
				650C374C156EA45200CF5228 /* SBJSON.m in Sources */,
				650C374D156EA45200CF5228 /* SBJsonBase.m in Sources */,
				650C374E156EA45200CF5228 /* SBJsonParser.m in Sources */,
				650C374F156EA45200CF5228 /* SBJsonWriter.m in Sources */,
				650C3750156EA45200CF5228 /* SFHFKeychainUtils.m in Sources */,
				650C3751156EA45200CF5228 /* WBAuthorize.m in Sources */,
				650C3752156EA45200CF5228 /* WBAuthorizeWebView.m in Sources */,
				650C3753156EA45200CF5228 /* WBEngine.m in Sources */,
				650C3754156EA45200CF5228 /* WBLogInAlertView.m in Sources */,
				650C3755156EA45200CF5228 /* WBRequest.m in Sources */,
				650C3756156EA45200CF5228 /* WBSendView.m in Sources */,
				650C3757156EA45200CF5228 /* WBUtil.m in Sources */,
				650C3760156EA46B00CF5228 /* DDSendSinaWeiboViewController.m in Sources */,
				650C3781156F29D700CF5228 /* DDUtil.m in Sources */,
			);
			runOnlyForDeploymentPostprocessing = 0;
		};
/* End PBXSourcesBuildPhase section */

/* Begin PBXVariantGroup section */
		650C3706156EA45200CF5228 /* Localizable.strings */ = {
			isa = PBXVariantGroup;
			children = (
				650C3707156EA45200CF5228 /* en */,
				650C3738156EA45200CF5228 /* zh-Hans */,
				650C3739156EA45200CF5228 /* zh-Hant */,
			);
			name = Localizable.strings;
			sourceTree = "<group>";
		};
/* End PBXVariantGroup section */

/* Begin XCBuildConfiguration section */
		65E8196D1523875800262A2E /* Debug */ = {
			isa = XCBuildConfiguration;
			buildSettings = {
				ALWAYS_SEARCH_USER_PATHS = NO;
				ARCHS = "$(ARCHS_STANDARD_32_BIT)";
				"CODE_SIGN_IDENTITY[sdk=iphoneos*]" = "iPhone Developer";
				COPY_PHASE_STRIP = NO;
				GCC_C_LANGUAGE_STANDARD = gnu99;
				GCC_DYNAMIC_NO_PIC = NO;
				GCC_OPTIMIZATION_LEVEL = 0;
				GCC_PREPROCESSOR_DEFINITIONS = (
					"DEBUG=1",
					"$(inherited)",
				);
				GCC_SYMBOLS_PRIVATE_EXTERN = NO;
				GCC_VERSION = com.apple.compilers.llvm.clang.1_0;
				GCC_WARN_ABOUT_MISSING_PROTOTYPES = YES;
				GCC_WARN_ABOUT_RETURN_TYPE = YES;
				GCC_WARN_UNUSED_VARIABLE = YES;
				IPHONEOS_DEPLOYMENT_TARGET = 5.0;
				SDKROOT = iphoneos;
			};
			name = Debug;
		};
		65E8196E1523875800262A2E /* Release */ = {
			isa = XCBuildConfiguration;
			buildSettings = {
				ALWAYS_SEARCH_USER_PATHS = NO;
				ARCHS = "$(ARCHS_STANDARD_32_BIT)";
				"CODE_SIGN_IDENTITY[sdk=iphoneos*]" = "iPhone Developer";
				COPY_PHASE_STRIP = YES;
				GCC_C_LANGUAGE_STANDARD = gnu99;
				GCC_VERSION = com.apple.compilers.llvm.clang.1_0;
				GCC_WARN_ABOUT_MISSING_PROTOTYPES = YES;
				GCC_WARN_ABOUT_RETURN_TYPE = YES;
				GCC_WARN_UNUSED_VARIABLE = YES;
				IPHONEOS_DEPLOYMENT_TARGET = 5.0;
				OTHER_CFLAGS = "-DNS_BLOCK_ASSERTIONS=1";
				SDKROOT = iphoneos;
				VALIDATE_PRODUCT = YES;
			};
			name = Release;
		};
		65E819701523875800262A2E /* Debug */ = {
			isa = XCBuildConfiguration;
			buildSettings = {
				CLANG_ENABLE_OBJC_ARC = NO;
				CODE_SIGN_IDENTITY = "iPhone Developer";
				GCC_PRECOMPILE_PREFIX_HEADER = YES;
				GCC_PREFIX_HEADER = "Dandan/Dandan-Prefix.pch";
				INFOPLIST_FILE = "Dandan/Dandan-Info.plist";
				IPHONEOS_DEPLOYMENT_TARGET = 4.3;
				LIBRARY_SEARCH_PATHS = (
					"$(inherited)",
					"\"$(SRCROOT)/../cocos2d-x/cocos2dx/platform/third_party/android/libraries\"",
					"\"$(SRCROOT)/../cocos2d-x/cocos2dx/platform/third_party/ios/libraries\"",
					"\"$(SRCROOT)/../cocos2d-x/cocos2dx/platform/third_party/win32/libraries\"",
					"\"$(SRCROOT)/../cocos2d-x/HelloLua/ios/build/Debug-iphonesimulator\"",
					"\"$(SRCROOT)/../NinjiaZero/build/Debug-iphoneos\"",
					"\"$(SRCROOT)/../NinjiaZero/build/Debug-iphonesimulator\"",
					"\"$(SRCROOT)/../NinjiaZero/libs/cocos2dx/platform/third_party/android/libraries\"",
					"\"$(SRCROOT)/../NinjiaZero/libs/cocos2dx/platform/third_party/ios/libraries\"",
					"\"$(SRCROOT)/../NinjiaZero/libs/cocos2dx/platform/third_party/win32/libraries\"",
					"\"$(SRCROOT)/../UTong/UTClient/Libs/openssl/build/Debug\"",
					"\"$(SRCROOT)/../UTong/UTClient/Libs/openssl\"",
					"\"$(SRCROOT)/../UTong/UTCommon/3rdParty/log4cplus/msvc9/Win32/log4cplus_dll.Debug\"",
					"\"$(SRCROOT)/../UTong/UTCommon/3rdParty/log4cplus/msvc9/Win32/log4cplus_dll.Release\"",
					"\"$(SRCROOT)/../UTong/UTCommon/3rdParty/log4cplus/src/.libs\"",
					"\"$(SRCROOT)/../UTong/UTServer/Libs/mysql-connector-c-6.0.2-osx10.5-x86-64bit/lib\"",
					"\"$(SRCROOT)/../UTong/UTServer/Libs/openssl/build/Debug\"",
					"\"$(SRCROOT)/../UTong/UTServer/Libs/openssl\"",
					"\"$(SRCROOT)/../WinOrLose/build/Debug-iphoneos\"",
					"\"$(SRCROOT)/../WinOrLose/build/Debug-iphonesimulator\"",
					"\"$(SRCROOT)/../WinOrLose/libs/cocos2dx/platform/third_party/android/libraries\"",
					"\"$(SRCROOT)/../WinOrLose/libs/cocos2dx/platform/third_party/ios/libraries\"",
					"\"$(SRCROOT)/../WinOrLose/libs/cocos2dx/platform/third_party/win32/libraries\"",
					"\"$(SRCROOT)/../XCraft/client/HANOgreClient/dependencies/lib\"",
					"\"$(SRCROOT)/../XCraft/common/dependencies/bzip2/lib\"",
					"\"$(SRCROOT)/../XCraft/common/dependencies/libmpq/lib\"",
					"\"$(SRCROOT)/../XCraft/common/dependencies/log4cplus/msvc9/Win32/log4cplus_dll.Debug\"",
					"\"$(SRCROOT)/../XCraft/common/dependencies/log4cplus/msvc9/Win32/log4cplus_dll.Release\"",
					"\"$(SRCROOT)/../XCraft/common/dependencies/zlib/lib\"",
					"\"$(SRCROOT)/../XCraft/common/MGSCommon/dep/lib\"",
				);
				PRODUCT_NAME = "$(TARGET_NAME)";
				PROVISIONING_PROFILE = "";
				TARGETED_DEVICE_FAMILY = 1;
				WRAPPER_EXTENSION = app;
			};
			name = Debug;
		};
		65E819711523875800262A2E /* Release */ = {
			isa = XCBuildConfiguration;
			buildSettings = {
				CLANG_ENABLE_OBJC_ARC = NO;
				CODE_SIGN_IDENTITY = "iPhone Distribution";
				"CODE_SIGN_IDENTITY[sdk=iphoneos*]" = "iPhone Distribution";
				GCC_PRECOMPILE_PREFIX_HEADER = YES;
				GCC_PREFIX_HEADER = "Dandan/Dandan-Prefix.pch";
				INFOPLIST_FILE = "Dandan/Dandan-Info.plist";
				IPHONEOS_DEPLOYMENT_TARGET = 4.3;
				LIBRARY_SEARCH_PATHS = (
					"$(inherited)",
					"\"$(SRCROOT)/../cocos2d-x/cocos2dx/platform/third_party/android/libraries\"",
					"\"$(SRCROOT)/../cocos2d-x/cocos2dx/platform/third_party/ios/libraries\"",
					"\"$(SRCROOT)/../cocos2d-x/cocos2dx/platform/third_party/win32/libraries\"",
					"\"$(SRCROOT)/../cocos2d-x/HelloLua/ios/build/Debug-iphonesimulator\"",
					"\"$(SRCROOT)/../NinjiaZero/build/Debug-iphoneos\"",
					"\"$(SRCROOT)/../NinjiaZero/build/Debug-iphonesimulator\"",
					"\"$(SRCROOT)/../NinjiaZero/libs/cocos2dx/platform/third_party/android/libraries\"",
					"\"$(SRCROOT)/../NinjiaZero/libs/cocos2dx/platform/third_party/ios/libraries\"",
					"\"$(SRCROOT)/../NinjiaZero/libs/cocos2dx/platform/third_party/win32/libraries\"",
					"\"$(SRCROOT)/../UTong/UTClient/Libs/openssl/build/Debug\"",
					"\"$(SRCROOT)/../UTong/UTClient/Libs/openssl\"",
					"\"$(SRCROOT)/../UTong/UTCommon/3rdParty/log4cplus/msvc9/Win32/log4cplus_dll.Debug\"",
					"\"$(SRCROOT)/../UTong/UTCommon/3rdParty/log4cplus/msvc9/Win32/log4cplus_dll.Release\"",
					"\"$(SRCROOT)/../UTong/UTCommon/3rdParty/log4cplus/src/.libs\"",
					"\"$(SRCROOT)/../UTong/UTServer/Libs/mysql-connector-c-6.0.2-osx10.5-x86-64bit/lib\"",
					"\"$(SRCROOT)/../UTong/UTServer/Libs/openssl/build/Debug\"",
					"\"$(SRCROOT)/../UTong/UTServer/Libs/openssl\"",
					"\"$(SRCROOT)/../WinOrLose/build/Debug-iphoneos\"",
					"\"$(SRCROOT)/../WinOrLose/build/Debug-iphonesimulator\"",
					"\"$(SRCROOT)/../WinOrLose/libs/cocos2dx/platform/third_party/android/libraries\"",
					"\"$(SRCROOT)/../WinOrLose/libs/cocos2dx/platform/third_party/ios/libraries\"",
					"\"$(SRCROOT)/../WinOrLose/libs/cocos2dx/platform/third_party/win32/libraries\"",
					"\"$(SRCROOT)/../XCraft/client/HANOgreClient/dependencies/lib\"",
					"\"$(SRCROOT)/../XCraft/common/dependencies/bzip2/lib\"",
					"\"$(SRCROOT)/../XCraft/common/dependencies/libmpq/lib\"",
					"\"$(SRCROOT)/../XCraft/common/dependencies/log4cplus/msvc9/Win32/log4cplus_dll.Debug\"",
					"\"$(SRCROOT)/../XCraft/common/dependencies/log4cplus/msvc9/Win32/log4cplus_dll.Release\"",
					"\"$(SRCROOT)/../XCraft/common/dependencies/zlib/lib\"",
					"\"$(SRCROOT)/../XCraft/common/MGSCommon/dep/lib\"",
				);
				PRODUCT_NAME = "$(TARGET_NAME)";
				PROVISIONING_PROFILE = "";
				"PROVISIONING_PROFILE[sdk=iphoneos*]" = "";
				TARGETED_DEVICE_FAMILY = 1;
				WRAPPER_EXTENSION = app;
			};
			name = Release;
		};
/* End XCBuildConfiguration section */

/* Begin XCConfigurationList section */
		65E8194B1523875700262A2E /* Build configuration list for PBXProject "Dandan" */ = {
			isa = XCConfigurationList;
			buildConfigurations = (
				65E8196D1523875800262A2E /* Debug */,
				65E8196E1523875800262A2E /* Release */,
			);
			defaultConfigurationIsVisible = 0;
			defaultConfigurationName = Release;
		};
		65E8196F1523875800262A2E /* Build configuration list for PBXNativeTarget "Dandan" */ = {
			isa = XCConfigurationList;
			buildConfigurations = (
				65E819701523875800262A2E /* Debug */,
				65E819711523875800262A2E /* Release */,
			);
			defaultConfigurationIsVisible = 0;
			defaultConfigurationName = Release;
		};
/* End XCConfigurationList section */
	};
	rootObject = 65E819481523875700262A2E /* Project object */;
}
